// !$*UTF8*$!
{
	archiveVersion = 1;
	classes = {
	};
	objectVersion = 50;
	objects = {

/* Begin PBXBuildFile section */
		AF1A8AA421B76A55000D4394 /* AppDelegate.swift in Sources */ = {isa = PBXBuildFile; fileRef = AF1A8AA321B76A55000D4394 /* AppDelegate.swift */; };
		AF1A8AA621B76A55000D4394 /* ViewController.swift in Sources */ = {isa = PBXBuildFile; fileRef = AF1A8AA521B76A55000D4394 /* ViewController.swift */; };
		AF1A8AA921B76A55000D4394 /* Main.storyboard in Resources */ = {isa = PBXBuildFile; fileRef = AF1A8AA721B76A55000D4394 /* Main.storyboard */; };
		AF1A8AAB21B76A57000D4394 /* Assets.xcassets in Resources */ = {isa = PBXBuildFile; fileRef = AF1A8AAA21B76A57000D4394 /* Assets.xcassets */; };
		AF1A8AAE21B76A57000D4394 /* LaunchScreen.storyboard in Resources */ = {isa = PBXBuildFile; fileRef = AF1A8AAC21B76A57000D4394 /* LaunchScreen.storyboard */; };
		AFCCDA2F21B9ED1D00E523AF /* CustomPaginationLayout.swift in Sources */ = {isa = PBXBuildFile; fileRef = AFCCDA2E21B9ED1D00E523AF /* CustomPaginationLayout.swift */; };
/* End PBXBuildFile section */

/* Begin PBXFileReference section */
		AF1A8AA021B76A55000D4394 /* CollectionViewPagination.app */ = {isa = PBXFileReference; explicitFileType = wrapper.application; includeInIndex = 0; path = CollectionViewPagination.app; sourceTree = BUILT_PRODUCTS_DIR; };
		AF1A8AA321B76A55000D4394 /* AppDelegate.swift */ = {isa = PBXFileReference; lastKnownFileType = sourcecode.swift; path = AppDelegate.swift; sourceTree = "<group>"; };
		AF1A8AA521B76A55000D4394 /* ViewController.swift */ = {isa = PBXFileReference; lastKnownFileType = sourcecode.swift; path = ViewController.swift; sourceTree = "<group>"; };
		AF1A8AA821B76A55000D4394 /* Base */ = {isa = PBXFileReference; lastKnownFileType = file.storyboard; name = Base; path = Base.lproj/Main.storyboard; sourceTree = "<group>"; };
		AF1A8AAA21B76A57000D4394 /* Assets.xcassets */ = {isa = PBXFileReference; lastKnownFileType = folder.assetcatalog; path = Assets.xcassets; sourceTree = "<group>"; };
		AF1A8AAD21B76A57000D4394 /* Base */ = {isa = PBXFileReference; lastKnownFileType = file.storyboard; name = Base; path = Base.lproj/LaunchScreen.storyboard; sourceTree = "<group>"; };
		AF1A8AAF21B76A57000D4394 /* Info.plist */ = {isa = PBXFileReference; lastKnownFileType = text.plist.xml; path = Info.plist; sourceTree = "<group>"; };
		AFCCDA2E21B9ED1D00E523AF /* CustomPaginationLayout.swift */ = {isa = PBXFileReference; lastKnownFileType = sourcecode.swift; path = CustomPaginationLayout.swift; sourceTree = "<group>"; };
/* End PBXFileReference section */

/* Begin PBXFrameworksBuildPhase section */
		AF1A8A9D21B76A55000D4394 /* Frameworks */ = {
			isa = PBXFrameworksBuildPhase;
			buildActionMask = 2147483647;
			files = (
			);
			runOnlyForDeploymentPostprocessing = 0;
		};
/* End PBXFrameworksBuildPhase section */

/* Begin PBXGroup section */
		AF1A8A9721B76A55000D4394 = {
			isa = PBXGroup;
			children = (
				AF1A8AA221B76A55000D4394 /* CollectionViewPagination */,
				AF1A8AA121B76A55000D4394 /* Products */,
			);
			sourceTree = "<group>";
		};
		AF1A8AA121B76A55000D4394 /* Products */ = {
			isa = PBXGroup;
			children = (
				AF1A8AA021B76A55000D4394 /* CollectionViewPagination.app */,
			);
			name = Products;
			sourceTree = "<group>";
		};
		AF1A8AA221B76A55000D4394 /* CollectionViewPagination */ = {
			isa = PBXGroup;
			children = (
				AF1A8AA321B76A55000D4394 /* AppDelegate.swift */,
				AF1A8AA521B76A55000D4394 /* ViewController.swift */,
				AF1A8AA721B76A55000D4394 /* Main.storyboard */,
				AF1A8AAA21B76A57000D4394 /* Assets.xcassets */,
				AF1A8AAC21B76A57000D4394 /* LaunchScreen.storyboard */,
				AF1A8AAF21B76A57000D4394 /* Info.plist */,
				AFCCDA2E21B9ED1D00E523AF /* CustomPaginationLayout.swift */,
			);
			path = CollectionViewPagination;
			sourceTree = "<group>";
		};
/* End PBXGroup section */

/* Begin PBXNativeTarget section */
		AF1A8A9F21B76A55000D4394 /* CollectionViewPagination */ = {
			isa = PBXNativeTarget;
			buildConfigurationList = AF1A8AB221B76A57000D4394 /* Build configuration list for PBXNativeTarget "CollectionViewPagination" */;
			buildPhases = (
				AF1A8A9C21B76A55000D4394 /* Sources */,
				AF1A8A9D21B76A55000D4394 /* Frameworks */,
				AF1A8A9E21B76A55000D4394 /* Resources */,
			);
			buildRules = (
			);
			dependencies = (
			);
			name = CollectionViewPagination;
			productName = CollectionViewPagination;
			productReference = AF1A8AA021B76A55000D4394 /* CollectionViewPagination.app */;
			productType = "com.apple.product-type.application";
		};
/* End PBXNativeTarget section */

/* Begin PBXProject section */
		AF1A8A9821B76A55000D4394 /* Project object */ = {
			isa = PBXProject;
			attributes = {
				LastSwiftUpdateCheck = 1010;
				LastUpgradeCheck = 1010;
				ORGANIZATIONNAME = Diego;
				TargetAttributes = {
					AF1A8A9F21B76A55000D4394 = {
						CreatedOnToolsVersion = 10.1;
					};
				};
			};
			buildConfigurationList = AF1A8A9B21B76A55000D4394 /* Build configuration list for PBXProject "CollectionViewPagination" */;
			compatibilityVersion = "Xcode 9.3";
			developmentRegion = en;
			hasScannedForEncodings = 0;
			knownRegions = (
				en,
				Base,
			);
			mainGroup = AF1A8A9721B76A55000D4394;
			productRefGroup = AF1A8AA121B76A55000D4394 /* Products */;
			projectDirPath = "";
			projectRoot = "";
			targets = (
				AF1A8A9F21B76A55000D4394 /* CollectionViewPagination */,
			);
		};
/* End PBXProject section */

/* Begin PBXResourcesBuildPhase section */
		AF1A8A9E21B76A55000D4394 /* Resources */ = {
			isa = PBXResourcesBuildPhase;
			buildActionMask = 2147483647;
			files = (
				AF1A8AAE21B76A57000D4394 /* LaunchScreen.storyboard in Resources */,
				AF1A8AAB21B76A57000D4394 /* Assets.xcassets in Resources */,
				AF1A8AA921B76A55000D4394 /* Main.storyboard in Resources */,
			);
			runOnlyForDeploymentPostprocessing = 0;
		};
/* End PBXResourcesBuildPhase section */

/* Begin PBXSourcesBuildPhase section */
		AF1A8A9C21B76A55000D4394 /* Sources */ = {
			isa = PBXSourcesBuildPhase;
			buildActionMask = 2147483647;
			files = (
				AF1A8AA621B76A55000D4394 /* ViewController.swift in Sources */,
				AFCCDA2F21B9ED1D00E523AF /* CustomPaginationLayout.swift in Sources */,
				AF1A8AA421B76A55000D4394 /* AppDelegate.swift in Sources */,
			);
			runOnlyForDeploymentPostprocessing = 0;
		};
/* End PBXSourcesBuildPhase section */

/* Begin PBXVariantGroup section */
		AF1A8AA721B76A55000D4394 /* Main.storyboard */ = {
			isa = PBXVariantGroup;
			children = (
				AF1A8AA821B76A55000D4394 /* Base */,
			);
			name = Main.storyboard;
			sourceTree = "<group>";
		};
		AF1A8AAC21B76A57000D4394 /* LaunchScreen.storyboard */ = {
			isa = PBXVariantGroup;
			children = (
				AF1A8AAD21B76A57000D4394 /* Base */,
			);
			name = LaunchScreen.storyboard;
			sourceTree = "<group>";
		};
/* End PBXVariantGroup section */

/* Begin XCBuildConfiguration section */
		AF1A8AB021B76A57000D4394 /* Debug */ = {
			isa = XCBuildConfiguration;
			buildSettings = {
				ALWAYS_SEARCH_USER_PATHS = NO;
				CLANG_ANALYZER_NONNULL = YES;
				CLANG_ANALYZER_NUMBER_OBJECT_CONVERSION = YES_AGGRESSIVE;
				CLANG_CXX_LANGUAGE_STANDARD = "gnu++14";
				CLANG_CXX_LIBRARY = "libc++";
				CLANG_ENABLE_MODULES = YES;
				CLANG_ENABLE_OBJC_ARC = YES;
				CLANG_ENABLE_OBJC_WEAK = YES;
				CLANG_WARN_BLOCK_CAPTURE_AUTORELEASING = YES;
				CLANG_WARN_BOOL_CONVERSION = YES;
				CLANG_WARN_COMMA = YES;
				CLANG_WARN_CONSTANT_CONVERSION = YES;
				CLANG_WARN_DEPRECATED_OBJC_IMPLEMENTATIONS = YES;
				CLANG_WARN_DIRECT_OBJC_ISA_USAGE = YES_ERROR;
				CLANG_WARN_DOCUMENTATION_COMMENTS = YES;
				CLANG_WARN_EMPTY_BODY = YES;
				CLANG_WARN_ENUM_CONVERSION = YES;
				CLANG_WARN_INFINITE_RECURSION = YES;
				CLANG_WARN_INT_CONVERSION = YES;
				CLANG_WARN_NON_LITERAL_NULL_CONVERSION = YES;
				CLANG_WARN_OBJC_IMPLICIT_RETAIN_SELF = YES;
				CLANG_WARN_OBJC_LITERAL_CONVERSION = YES;
				CLANG_WARN_OBJC_ROOT_CLASS = YES_ERROR;
				CLANG_WARN_RANGE_LOOP_ANALYSIS = YES;
				CLANG_WARN_STRICT_PROTOTYPES = YES;
				CLANG_WARN_SUSPICIOUS_MOVE = YES;
				CLANG_WARN_UNGUARDED_AVAILABILITY = YES_AGGRESSIVE;
				CLANG_WARN_UNREACHABLE_CODE = YES;
				CLANG_WARN__DUPLICATE_METHOD_MATCH = YES;
				CODE_SIGN_IDENTITY = "iPhone Developer";
				COPY_PHASE_STRIP = NO;
				DEBUG_INFORMATION_FORMAT = dwarf;
				ENABLE_STRICT_OBJC_MSGSEND = YES;
				ENABLE_TESTABILITY = YES;
				GCC_C_LANGUAGE_STANDARD = gnu11;
				GCC_DYNAMIC_NO_PIC = NO;
				GCC_NO_COMMON_BLOCKS = YES;
				GCC_OPTIMIZATION_LEVEL = 0;
				GCC_PREPROCESSOR_DEFINITIONS = (
					"DEBUG=1",
					"$(inherited)",
				);
				GCC_WARN_64_TO_32_BIT_CONVERSION = YES;
				GCC_WARN_ABOUT_RETURN_TYPE = YES_ERROR;
				GCC_WARN_UNDECLARED_SELECTOR = YES;
				GCC_WARN_UNINITIALIZED_AUTOS = YES_AGGRESSIVE;
				GCC_WARN_UNUSED_FUNCTION = YES;
				GCC_WARN_UNUSED_VARIABLE = YES;
				IPHONEOS_DEPLOYMENT_TARGET = 12.1;
				MTL_ENABLE_DEBUG_INFO = INCLUDE_SOURCE;
				MTL_FAST_MATH = YES;
				ONLY_ACTIVE_ARCH = YES;
				SDKROOT = iphoneos;
				SWIFT_ACTIVE_COMPILATION_CONDITIONS = DEBUG;
				SWIFT_OPTIMIZATION_LEVEL = "-Onone";
			};
			name = Debug;
		};
		AF1A8AB121B76A57000D4394 /* Release */ = {
			isa = XCBuildConfiguration;
			buildSettings = {
				ALWAYS_SEARCH_USER_PATHS = NO;
				CLANG_ANALYZER_NONNULL = YES;
				CLANG_ANALYZER_NUMBER_OBJECT_CONVERSION = YES_AGGRESSIVE;
				CLANG_CXX_LANGUAGE_STANDARD = "gnu++14";
				CLANG_CXX_LIBRARY = "libc++";
				CLANG_ENABLE_MODULES = YES;
				CLANG_ENABLE_OBJC_ARC = YES;
				CLANG_ENABLE_OBJC_WEAK = YES;
				CLANG_WARN_BLOCK_CAPTURE_AUTORELEASING = YES;
				CLANG_WARN_BOOL_CONVERSION = YES;
				CLANG_WARN_COMMA = YES;
				CLANG_WARN_CONSTANT_CONVERSION = YES;
				CLANG_WARN_DEPRECATED_OBJC_IMPLEMENTATIONS = YES;
				CLANG_WARN_DIRECT_OBJC_ISA_USAGE = YES_ERROR;
				CLANG_WARN_DOCUMENTATION_COMMENTS = YES;
				CLANG_WARN_EMPTY_BODY = YES;
				CLANG_WARN_ENUM_CONVERSION = YES;
				CLANG_WARN_INFINITE_RECURSION = YES;
				CLANG_WARN_INT_CONVERSION = YES;
				CLANG_WARN_NON_LITERAL_NULL_CONVERSION = YES;
				CLANG_WARN_OBJC_IMPLICIT_RETAIN_SELF = YES;
				CLANG_WARN_OBJC_LITERAL_CONVERSION = YES;
				CLANG_WARN_OBJC_ROOT_CLASS = YES_ERROR;
				CLANG_WARN_RANGE_LOOP_ANALYSIS = YES;
				CLANG_WARN_STRICT_PROTOTYPES = YES;
				CLANG_WARN_SUSPICIOUS_MOVE = YES;
				CLANG_WARN_UNGUARDED_AVAILABILITY = YES_AGGRESSIVE;
				CLANG_WARN_UNREACHABLE_CODE = YES;
				CLANG_WARN__DUPLICATE_METHOD_MATCH = YES;
				CODE_SIGN_IDENTITY = "iPhone Developer";
				COPY_PHASE_STRIP = NO;
				DEBUG_INFORMATION_FORMAT = "dwarf-with-dsym";
				ENABLE_NS_ASSERTIONS = NO;
				ENABLE_STRICT_OBJC_MSGSEND = YES;
				GCC_C_LANGUAGE_STANDARD = gnu11;
				GCC_NO_COMMON_BLOCKS = YES;
				GCC_WARN_64_TO_32_BIT_CONVERSION = YES;
				GCC_WARN_ABOUT_RETURN_TYPE = YES_ERROR;
				GCC_WARN_UNDECLARED_SELECTOR = YES;
				GCC_WARN_UNINITIALIZED_AUTOS = YES_AGGRESSIVE;
				GCC_WARN_UNUSED_FUNCTION = YES;
				GCC_WARN_UNUSED_VARIABLE = YES;
				IPHONEOS_DEPLOYMENT_TARGET = 12.1;
				MTL_ENABLE_DEBUG_INFO = NO;
				MTL_FAST_MATH = YES;
				SDKROOT = iphoneos;
				SWIFT_COMPILATION_MODE = wholemodule;
				SWIFT_OPTIMIZATION_LEVEL = "-O";
				VALIDATE_PRODUCT = YES;
			};
			name = Release;
		};
		AF1A8AB321B76A57000D4394 /* Debug */ = {
			isa = XCBuildConfiguration;
			buildSettings = {
				ASSETCATALOG_COMPILER_APPICON_NAME = AppIcon;
				CODE_SIGN_STYLE = Automatic;
				DEVELOPMENT_TEAM = HBGDXL9LHD;
				INFOPLIST_FILE = CollectionViewPagination/Info.plist;
				LD_RUNPATH_SEARCH_PATHS = (
					"$(inherited)",
					"@executable_path/Frameworks",
				);
				PRODUCT_BUNDLE_IDENTIFIER = com.diegodossantos.CollectionViewPagination;
				PRODUCT_NAME = "$(TARGET_NAME)";
				SWIFT_VERSION = 4.2;
				TARGETED_DEVICE_FAMILY = "1,2";
			};
			name = Debug;
		};
		AF1A8AB421B76A57000D4394 /* Release */ = {
			isa = XCBuildConfiguration;
			buildSettings = {
				ASSETCATALOG_COMPILER_APPICON_NAME = AppIcon;
				CODE_SIGN_STYLE = Automatic;
				DEVELOPMENT_TEAM = HBGDXL9LHD;
				INFOPLIST_FILE = CollectionViewPagination/Info.plist;
				LD_RUNPATH_SEARCH_PATHS = (
					"$(inherited)",
					"@executable_path/Frameworks",
				);
				PRODUCT_BUNDLE_IDENTIFIER = com.diegodossantos.CollectionViewPagination;
				PRODUCT_NAME = "$(TARGET_NAME)";
				SWIFT_VERSION = 4.2;
				TARGETED_DEVICE_FAMILY = "1,2";
			};
			name = Release;
		};
/* End XCBuildConfiguration section */

/* Begin XCConfigurationList section */
		AF1A8A9B21B76A55000D4394 /* Build configuration list for PBXProject "CollectionViewPagination" */ = {
			isa = XCConfigurationList;
			buildConfigurations = (
				AF1A8AB021B76A57000D4394 /* Debug */,
				AF1A8AB121B76A57000D4394 /* Release */,
			);
			defaultConfigurationIsVisible = 0;
			defaultConfigurationName = Release;
		};
		AF1A8AB221B76A57000D4394 /* Build configuration list for PBXNativeTarget "CollectionViewPagination" */ = {
			isa = XCConfigurationList;
			buildConfigurations = (
				AF1A8AB321B76A57000D4394 /* Debug */,
				AF1A8AB421B76A57000D4394 /* Release */,
			);
			defaultConfigurationIsVisible = 0;
			defaultConfigurationName = Release;
		};
/* End XCConfigurationList section */
	};
	rootObject = AF1A8A9821B76A55000D4394 /* Project object */;
}
